<?xml version="1.0" encoding="utf-8"?>
<Project ToolsVersion="4.0" xmlns="http://schemas.microsoft.com/developer/msbuild/2003">
  <ItemGroup>
    <Filter Include="Source">
      <UniqueIdentifier>{7D89C8B9-5B65-4F70-B2B3-5D2D7A6E5CF1}</UniqueIdentifier>
    </Filter>
    <Filter Include="Source\Tests">
      <UniqueIdentifier>{9BE8E0B3-42F8-4E64-B5E5-166AA9C2FBB6}</UniqueIdentifier>
    </Filter>
  </ItemGroup>
  <ItemGroup>
    <ClCompile Include="tests\Test_BenchDriver.cpp">
      <Filter>Source\Tests</Filter>
    </ClCompile>
  </ItemGroup>
  <ItemGroup>
    <ClInclude Include="tests\BenchProbeAllocator.hpp">
      <Filter>Source\Tests</Filter>
    </ClInclude>
  </ItemGroup>
</Project>
